
Microsoft Visual Studio Solution File, Format Version 12.00
# Visual Studio Version 17
VisualStudioVersion = 17.1.32228.430
MinimumVisualStudioVersion = 10.0.40219.1
Project("{9A19103F-16F7-4668-BE54-9A1E7A4F7556}") = "Distel.Grains.Interfaces", "Grain.Interfaces\Distel.Grains.Interfaces.csproj", "{8CA54EBD-4E27-4FC7-983E-7CF00D9D1EE4}"
EndProject
Project("{9A19103F-16F7-4668-BE54-9A1E7A4F7556}") = "Distel.Grains", "Grains\Distel.Grains.csproj", "{B4B65B21-CC77-4DB7-9277-5E881EA24A69}"
EndProject
Project("{9A19103F-16F7-4668-BE54-9A1E7A4F7556}") = "Distel.WebHost", "Distel.WebHost\Distel.WebHost.csproj", "{490B3F37-D079-41DC-9D31-7C8A4B4040C1}"
EndProject
Project("{9A19103F-16F7-4668-BE54-9A1E7A4F7556}") = "Distel.OrleansProviders", "Distel.OrleansProviders\Distel.OrleansProviders.csproj", "{2C9933B9-29EA-41FE-B767-B1ED8088857A}"
EndProject
Project("{9A19103F-16F7-4668-BE54-9A1E7A4F7556}") = "Distel.DataTier", "Distel.DataTier\Distel.DataTier.csproj", "{11290B5D-97B9-4B5A-95E6-1A3E1EEBCACE}"
EndProject
Project("{9A19103F-16F7-4668-BE54-9A1E7A4F7556}") = "Distel.DataTier.Abstractions", "Distel.DataTier.Abstractions\Distel.DataTier.Abstractions.csproj", "{34FD7D59-D081-4AAC-BFCB-2EC9AFB18D3C}"
EndProject
Project("{9A19103F-16F7-4668-BE54-9A1E7A4F7556}") = "ConsoleClientApp", "ConsoleClientApp\ConsoleClientApp.csproj", "{39317C7F-BF22-4D47-9359-4AE9D42F7367}"
EndProject
Global
	GlobalSection(SolutionConfigurationPlatforms) = preSolution
		Debug|Any CPU = Debug|Any CPU
		Release|Any CPU = Release|Any CPU
	EndGlobalSection
	GlobalSection(ProjectConfigurationPlatforms) = postSolution
		{8CA54EBD-4E27-4FC7-983E-7CF00D9D1EE4}.Debug|Any CPU.ActiveCfg = Debug|Any CPU
		{8CA54EBD-4E27-4FC7-983E-7CF00D9D1EE4}.Debug|Any CPU.Build.0 = Debug|Any CPU
		{8CA54EBD-4E27-4FC7-983E-7CF00D9D1EE4}.Release|Any CPU.ActiveCfg = Release|Any CPU
		{8CA54EBD-4E27-4FC7-983E-7CF00D9D1EE4}.Release|Any CPU.Build.0 = Release|Any CPU
		{B4B65B21-CC77-4DB7-9277-5E881EA24A69}.Debug|Any CPU.ActiveCfg = Debug|Any CPU
		{B4B65B21-CC77-4DB7-9277-5E881EA24A69}.Debug|Any CPU.Build.0 = Debug|Any CPU
		{B4B65B21-CC77-4DB7-9277-5E881EA24A69}.Release|Any CPU.ActiveCfg = Release|Any CPU
		{B4B65B21-CC77-4DB7-9277-5E881EA24A69}.Release|Any CPU.Build.0 = Release|Any CPU
		{490B3F37-D079-41DC-9D31-7C8A4B4040C1}.Debug|Any CPU.ActiveCfg = Debug|Any CPU
		{490B3F37-D079-41DC-9D31-7C8A4B4040C1}.Debug|Any CPU.Build.0 = Debug|Any CPU
		{490B3F37-D079-41DC-9D31-7C8A4B4040C1}.Release|Any CPU.ActiveCfg = Release|Any CPU
		{490B3F37-D079-41DC-9D31-7C8A4B4040C1}.Release|Any CPU.Build.0 = Release|Any CPU
		{2C9933B9-29EA-41FE-B767-B1ED8088857A}.Debug|Any CPU.ActiveCfg = Debug|Any CPU
		{2C9933B9-29EA-41FE-B767-B1ED8088857A}.Debug|Any CPU.Build.0 = Debug|Any CPU
		{2C9933B9-29EA-41FE-B767-B1ED8088857A}.Release|Any CPU.ActiveCfg = Release|Any CPU
		{2C9933B9-29EA-41FE-B767-B1ED8088857A}.Release|Any CPU.Build.0 = Release|Any CPU
		{11290B5D-97B9-4B5A-95E6-1A3E1EEBCACE}.Debug|Any CPU.ActiveCfg = Debug|Any CPU
		{11290B5D-97B9-4B5A-95E6-1A3E1EEBCACE}.Debug|Any CPU.Build.0 = Debug|Any CPU
		{11290B5D-97B9-4B5A-95E6-1A3E1EEBCACE}.Release|Any CPU.ActiveCfg = Release|Any CPU
		{11290B5D-97B9-4B5A-95E6-1A3E1EEBCACE}.Release|Any CPU.Build.0 = Release|Any CPU
		{34FD7D59-D081-4AAC-BFCB-2EC9AFB18D3C}.Debug|Any CPU.ActiveCfg = Debug|Any CPU
		{34FD7D59-D081-4AAC-BFCB-2EC9AFB18D3C}.Debug|Any CPU.Build.0 = Debug|Any CPU
		{34FD7D59-D081-4AAC-BFCB-2EC9AFB18D3C}.Release|Any CPU.ActiveCfg = Release|Any CPU
		{34FD7D59-D081-4AAC-BFCB-2EC9AFB18D3C}.Release|Any CPU.Build.0 = Release|Any CPU
		{39317C7F-BF22-4D47-9359-4AE9D42F7367}.Debug|Any CPU.ActiveCfg = Debug|Any CPU
		{39317C7F-BF22-4D47-9359-4AE9D42F7367}.Debug|Any CPU.Build.0 = Debug|Any CPU
		{39317C7F-BF22-4D47-9359-4AE9D42F7367}.Release|Any CPU.ActiveCfg = Release|Any CPU
		{39317C7F-BF22-4D47-9359-4AE9D42F7367}.Release|Any CPU.Build.0 = Release|Any CPU
	EndGlobalSection
	GlobalSection(SolutionProperties) = preSolution
		HideSolutionNode = FALSE
	EndGlobalSection
	GlobalSection(ExtensibilityGlobals) = postSolution
		SolutionGuid = {BC88C5B4-CB1F-46E1-BEC3-D2C992DC525A}
	EndGlobalSection
EndGlobal
