
Microsoft Visual Studio Solution File, Format Version 12.00
# Visual Studio Version 17
VisualStudioVersion = 17.1.32104.313
MinimumVisualStudioVersion = 10.0.40219.1
Project("{9A19103F-16F7-4668-BE54-9A1E7A4F7556}") = "Distel.Grains.Interfaces", "Grain.Interfaces\Distel.Grains.Interfaces.csproj", "{8CA54EBD-4E27-4FC7-983E-7CF00D9D1EE4}"
EndProject
Project("{9A19103F-16F7-4668-BE54-9A1E7A4F7556}") = "Distel.Grains", "Grains\Distel.Grains.csproj", "{B4B65B21-CC77-4DB7-9277-5E881EA24A69}"
EndProject
Project("{9A19103F-16F7-4668-BE54-9A1E7A4F7556}") = "Distel.Host", "Distel.Host\Distel.Host.csproj", "{723261D4-38E9-4C1D-975C-608095F1130F}"
EndProject
Project("{9A19103F-16F7-4668-BE54-9A1E7A4F7556}") = "Distel.WebHost", "Distel.WebHost\Distel.WebHost.csproj", "{490B3F37-D079-41DC-9D31-7C8A4B4040C1}"
EndProject
Project("{9A19103F-16F7-4668-BE54-9A1E7A4F7556}") = "ConsoleClientApp", "ClientApp\ConsoleClientApp.csproj", "{7FECF860-714C-4CBE-BA31-0DE6BAFB5ECE}"
EndProject
Global
	GlobalSection(SolutionConfigurationPlatforms) = preSolution
		Debug|Any CPU = Debug|Any CPU
		Release|Any CPU = Release|Any CPU
	EndGlobalSection
	GlobalSection(ProjectConfigurationPlatforms) = postSolution
		{8CA54EBD-4E27-4FC7-983E-7CF00D9D1EE4}.Debug|Any CPU.ActiveCfg = Debug|Any CPU
		{8CA54EBD-4E27-4FC7-983E-7CF00D9D1EE4}.Debug|Any CPU.Build.0 = Debug|Any CPU
		{8CA54EBD-4E27-4FC7-983E-7CF00D9D1EE4}.Release|Any CPU.ActiveCfg = Release|Any CPU
		{8CA54EBD-4E27-4FC7-983E-7CF00D9D1EE4}.Release|Any CPU.Build.0 = Release|Any CPU
		{B4B65B21-CC77-4DB7-9277-5E881EA24A69}.Debug|Any CPU.ActiveCfg = Debug|Any CPU
		{B4B65B21-CC77-4DB7-9277-5E881EA24A69}.Debug|Any CPU.Build.0 = Debug|Any CPU
		{B4B65B21-CC77-4DB7-9277-5E881EA24A69}.Release|Any CPU.ActiveCfg = Release|Any CPU
		{B4B65B21-CC77-4DB7-9277-5E881EA24A69}.Release|Any CPU.Build.0 = Release|Any CPU
		{723261D4-38E9-4C1D-975C-608095F1130F}.Debug|Any CPU.ActiveCfg = Debug|Any CPU
		{723261D4-38E9-4C1D-975C-608095F1130F}.Debug|Any CPU.Build.0 = Debug|Any CPU
		{723261D4-38E9-4C1D-975C-608095F1130F}.Release|Any CPU.ActiveCfg = Release|Any CPU
		{723261D4-38E9-4C1D-975C-608095F1130F}.Release|Any CPU.Build.0 = Release|Any CPU
		{490B3F37-D079-41DC-9D31-7C8A4B4040C1}.Debug|Any CPU.ActiveCfg = Debug|Any CPU
		{490B3F37-D079-41DC-9D31-7C8A4B4040C1}.Debug|Any CPU.Build.0 = Debug|Any CPU
		{490B3F37-D079-41DC-9D31-7C8A4B4040C1}.Release|Any CPU.ActiveCfg = Release|Any CPU
		{490B3F37-D079-41DC-9D31-7C8A4B4040C1}.Release|Any CPU.Build.0 = Release|Any CPU
		{7FECF860-714C-4CBE-BA31-0DE6BAFB5ECE}.Debug|Any CPU.ActiveCfg = Debug|Any CPU
		{7FECF860-714C-4CBE-BA31-0DE6BAFB5ECE}.Debug|Any CPU.Build.0 = Debug|Any CPU
		{7FECF860-714C-4CBE-BA31-0DE6BAFB5ECE}.Release|Any CPU.ActiveCfg = Release|Any CPU
		{7FECF860-714C-4CBE-BA31-0DE6BAFB5ECE}.Release|Any CPU.Build.0 = Release|Any CPU
	EndGlobalSection
	GlobalSection(SolutionProperties) = preSolution
		HideSolutionNode = FALSE
	EndGlobalSection
	GlobalSection(ExtensibilityGlobals) = postSolution
		SolutionGuid = {BC88C5B4-CB1F-46E1-BEC3-D2C992DC525A}
	EndGlobalSection
EndGlobal
